// !$*UTF8*$!
{
	archiveVersion = 1;
	classes = {
	};
	objectVersion = 50;
	objects = {

/* Begin PBXBuildFile section */
		C9489BA8222EFF4F009F0BEC /* AppDelegate.swift in Sources */ = {isa = PBXBuildFile; fileRef = C9489BA7222EFF4F009F0BEC /* AppDelegate.swift */; };
		C9489BAA222EFF4F009F0BEC /* ViewController.swift in Sources */ = {isa = PBXBuildFile; fileRef = C9489BA9222EFF4F009F0BEC /* ViewController.swift */; };
		C9489BAD222EFF4F009F0BEC /* Main.storyboard in Resources */ = {isa = PBXBuildFile; fileRef = C9489BAB222EFF4F009F0BEC /* Main.storyboard */; };
		C9489BAF222EFF53009F0BEC /* Assets.xcassets in Resources */ = {isa = PBXBuildFile; fileRef = C9489BAE222EFF53009F0BEC /* Assets.xcassets */; };
		C9489BB2222EFF53009F0BEC /* LaunchScreen.storyboard in Resources */ = {isa = PBXBuildFile; fileRef = C9489BB0222EFF53009F0BEC /* LaunchScreen.storyboard */; };
/* End PBXBuildFile section */

/* Begin PBXFileReference section */
		C9489BA4222EFF4F009F0BEC /* AR Drawing.app */ = {isa = PBXFileReference; explicitFileType = wrapper.application; includeInIndex = 0; path = "AR Drawing.app"; sourceTree = BUILT_PRODUCTS_DIR; };
		C9489BA7222EFF4F009F0BEC /* AppDelegate.swift */ = {isa = PBXFileReference; lastKnownFileType = sourcecode.swift; path = AppDelegate.swift; sourceTree = "<group>"; };
		C9489BA9222EFF4F009F0BEC /* ViewController.swift */ = {isa = PBXFileReference; lastKnownFileType = sourcecode.swift; path = ViewController.swift; sourceTree = "<group>"; };
		C9489BAC222EFF4F009F0BEC /* Base */ = {isa = PBXFileReference; lastKnownFileType = file.storyboard; name = Base; path = Base.lproj/Main.storyboard; sourceTree = "<group>"; };
		C9489BAE222EFF53009F0BEC /* Assets.xcassets */ = {isa = PBXFileReference; lastKnownFileType = folder.assetcatalog; path = Assets.xcassets; sourceTree = "<group>"; };
		C9489BB1222EFF53009F0BEC /* Base */ = {isa = PBXFileReference; lastKnownFileType = file.storyboard; name = Base; path = Base.lproj/LaunchScreen.storyboard; sourceTree = "<group>"; };
		C9489BB3222EFF53009F0BEC /* Info.plist */ = {isa = PBXFileReference; lastKnownFileType = text.plist.xml; path = Info.plist; sourceTree = "<group>"; };
/* End PBXFileReference section */

/* Begin PBXFrameworksBuildPhase section */
		C9489BA1222EFF4F009F0BEC /* Frameworks */ = {
			isa = PBXFrameworksBuildPhase;
			buildActionMask = 2147483647;
			files = (
			);
			runOnlyForDeploymentPostprocessing = 0;
		};
/* End PBXFrameworksBuildPhase section */

/* Begin PBXGroup section */
		C9489B9B222EFF4F009F0BEC = {
			isa = PBXGroup;
			children = (
				C9489BA6222EFF4F009F0BEC /* AR Drawing */,
				C9489BA5222EFF4F009F0BEC /* Products */,
			);
			sourceTree = "<group>";
		};
		C9489BA5222EFF4F009F0BEC /* Products */ = {
			isa = PBXGroup;
			children = (
				C9489BA4222EFF4F009F0BEC /* AR Drawing.app */,
			);
			name = Products;
			sourceTree = "<group>";
		};
		C9489BA6222EFF4F009F0BEC /* AR Drawing */ = {
			isa = PBXGroup;
			children = (
				C9489BA7222EFF4F009F0BEC /* AppDelegate.swift */,
				C9489BA9222EFF4F009F0BEC /* ViewController.swift */,
				C9489BAB222EFF4F009F0BEC /* Main.storyboard */,
				C9489BAE222EFF53009F0BEC /* Assets.xcassets */,
				C9489BB0222EFF53009F0BEC /* LaunchScreen.storyboard */,
				C9489BB3222EFF53009F0BEC /* Info.plist */,
			);
			path = "AR Drawing";
			sourceTree = "<group>";
		};
/* End PBXGroup section */

/* Begin PBXNativeTarget section */
		C9489BA3222EFF4F009F0BEC /* AR Drawing */ = {
			isa = PBXNativeTarget;
			buildConfigurationList = C9489BB6222EFF53009F0BEC /* Build configuration list for PBXNativeTarget "AR Drawing" */;
			buildPhases = (
				C9489BA0222EFF4F009F0BEC /* Sources */,
				C9489BA1222EFF4F009F0BEC /* Frameworks */,
				C9489BA2222EFF4F009F0BEC /* Resources */,
			);
			buildRules = (
			);
			dependencies = (
			);
			name = "AR Drawing";
			productName = "AR Drawing";
			productReference = C9489BA4222EFF4F009F0BEC /* AR Drawing.app */;
			productType = "com.apple.product-type.application";
		};
/* End PBXNativeTarget section */

/* Begin PBXProject section */
		C9489B9C222EFF4F009F0BEC /* Project object */ = {
			isa = PBXProject;
			attributes = {
				LastSwiftUpdateCheck = 1010;
				LastUpgradeCheck = 1010;
				ORGANIZATIONNAME = "Damian Jahn";
				TargetAttributes = {
					C9489BA3222EFF4F009F0BEC = {
						CreatedOnToolsVersion = 10.1;
					};
				};
			};
			buildConfigurationList = C9489B9F222EFF4F009F0BEC /* Build configuration list for PBXProject "AR Drawing" */;
			compatibilityVersion = "Xcode 9.3";
			developmentRegion = en;
			hasScannedForEncodings = 0;
			knownRegions = (
				en,
				Base,
			);
			mainGroup = C9489B9B222EFF4F009F0BEC;
			productRefGroup = C9489BA5222EFF4F009F0BEC /* Products */;
			projectDirPath = "";
			projectRoot = "";
			targets = (
				C9489BA3222EFF4F009F0BEC /* AR Drawing */,
			);
		};
/* End PBXProject section */

/* Begin PBXResourcesBuildPhase section */
		C9489BA2222EFF4F009F0BEC /* Resources */ = {
			isa = PBXResourcesBuildPhase;
			buildActionMask = 2147483647;
			files = (
				C9489BB2222EFF53009F0BEC /* LaunchScreen.storyboard in Resources */,
				C9489BAF222EFF53009F0BEC /* Assets.xcassets in Resources */,
				C9489BAD222EFF4F009F0BEC /* Main.storyboard in Resources */,
			);
			runOnlyForDeploymentPostprocessing = 0;
		};
/* End PBXResourcesBuildPhase section */

/* Begin PBXSourcesBuildPhase section */
		C9489BA0222EFF4F009F0BEC /* Sources */ = {
			isa = PBXSourcesBuildPhase;
			buildActionMask = 2147483647;
			files = (
				C9489BAA222EFF4F009F0BEC /* ViewController.swift in Sources */,
				C9489BA8222EFF4F009F0BEC /* AppDelegate.swift in Sources */,
			);
			runOnlyForDeploymentPostprocessing = 0;
		};
/* End PBXSourcesBuildPhase section */

/* Begin PBXVariantGroup section */
		C9489BAB222EFF4F009F0BEC /* Main.storyboard */ = {
			isa = PBXVariantGroup;
			children = (
				C9489BAC222EFF4F009F0BEC /* Base */,
			);
			name = Main.storyboard;
			sourceTree = "<group>";
		};
		C9489BB0222EFF53009F0BEC /* LaunchScreen.storyboard */ = {
			isa = PBXVariantGroup;
			children = (
				C9489BB1222EFF53009F0BEC /* Base */,
			);
			name = LaunchScreen.storyboard;
			sourceTree = "<group>";
		};
/* End PBXVariantGroup section */

/* Begin XCBuildConfiguration section */
		C9489BB4222EFF53009F0BEC /* Debug */ = {
			isa = XCBuildConfiguration;
			buildSettings = {
				ALWAYS_SEARCH_USER_PATHS = NO;
				CLANG_ANALYZER_NONNULL = YES;
				CLANG_ANALYZER_NUMBER_OBJECT_CONVERSION = YES_AGGRESSIVE;
				CLANG_CXX_LANGUAGE_STANDARD = "gnu++14";
				CLANG_CXX_LIBRARY = "libc++";
				CLANG_ENABLE_MODULES = YES;
				CLANG_ENABLE_OBJC_ARC = YES;
				CLANG_ENABLE_OBJC_WEAK = YES;
				CLANG_WARN_BLOCK_CAPTURE_AUTORELEASING = YES;
				CLANG_WARN_BOOL_CONVERSION = YES;
				CLANG_WARN_COMMA = YES;
				CLANG_WARN_CONSTANT_CONVERSION = YES;
				CLANG_WARN_DEPRECATED_OBJC_IMPLEMENTATIONS = YES;
				CLANG_WARN_DIRECT_OBJC_ISA_USAGE = YES_ERROR;
				CLANG_WARN_DOCUMENTATION_COMMENTS = YES;
				CLANG_WARN_EMPTY_BODY = YES;
				CLANG_WARN_ENUM_CONVERSION = YES;
				CLANG_WARN_INFINITE_RECURSION = YES;
				CLANG_WARN_INT_CONVERSION = YES;
				CLANG_WARN_NON_LITERAL_NULL_CONVERSION = YES;
				CLANG_WARN_OBJC_IMPLICIT_RETAIN_SELF = YES;
				CLANG_WARN_OBJC_LITERAL_CONVERSION = YES;
				CLANG_WARN_OBJC_ROOT_CLASS = YES_ERROR;
				CLANG_WARN_RANGE_LOOP_ANALYSIS = YES;
				CLANG_WARN_STRICT_PROTOTYPES = YES;
				CLANG_WARN_SUSPICIOUS_MOVE = YES;
				CLANG_WARN_UNGUARDED_AVAILABILITY = YES_AGGRESSIVE;
				CLANG_WARN_UNREACHABLE_CODE = YES;
				CLANG_WARN__DUPLICATE_METHOD_MATCH = YES;
				CODE_SIGN_IDENTITY = "iPhone Developer";
				COPY_PHASE_STRIP = NO;
				DEBUG_INFORMATION_FORMAT = dwarf;
				ENABLE_STRICT_OBJC_MSGSEND = YES;
				ENABLE_TESTABILITY = YES;
				GCC_C_LANGUAGE_STANDARD = gnu11;
				GCC_DYNAMIC_NO_PIC = NO;
				GCC_NO_COMMON_BLOCKS = YES;
				GCC_OPTIMIZATION_LEVEL = 0;
				GCC_PREPROCESSOR_DEFINITIONS = (
					"DEBUG=1",
					"$(inherited)",
				);
				GCC_WARN_64_TO_32_BIT_CONVERSION = YES;
				GCC_WARN_ABOUT_RETURN_TYPE = YES_ERROR;
				GCC_WARN_UNDECLARED_SELECTOR = YES;
				GCC_WARN_UNINITIALIZED_AUTOS = YES_AGGRESSIVE;
				GCC_WARN_UNUSED_FUNCTION = YES;
				GCC_WARN_UNUSED_VARIABLE = YES;
				IPHONEOS_DEPLOYMENT_TARGET = 12.1;
				MTL_ENABLE_DEBUG_INFO = INCLUDE_SOURCE;
				MTL_FAST_MATH = YES;
				ONLY_ACTIVE_ARCH = YES;
				SDKROOT = iphoneos;
				SWIFT_ACTIVE_COMPILATION_CONDITIONS = DEBUG;
				SWIFT_OPTIMIZATION_LEVEL = "-Onone";
			};
			name = Debug;
		};
		C9489BB5222EFF53009F0BEC /* Release */ = {
			isa = XCBuildConfiguration;
			buildSettings = {
				ALWAYS_SEARCH_USER_PATHS = NO;
				CLANG_ANALYZER_NONNULL = YES;
				CLANG_ANALYZER_NUMBER_OBJECT_CONVERSION = YES_AGGRESSIVE;
				CLANG_CXX_LANGUAGE_STANDARD = "gnu++14";
				CLANG_CXX_LIBRARY = "libc++";
				CLANG_ENABLE_MODULES = YES;
				CLANG_ENABLE_OBJC_ARC = YES;
				CLANG_ENABLE_OBJC_WEAK = YES;
				CLANG_WARN_BLOCK_CAPTURE_AUTORELEASING = YES;
				CLANG_WARN_BOOL_CONVERSION = YES;
				CLANG_WARN_COMMA = YES;
				CLANG_WARN_CONSTANT_CONVERSION = YES;
				CLANG_WARN_DEPRECATED_OBJC_IMPLEMENTATIONS = YES;
				CLANG_WARN_DIRECT_OBJC_ISA_USAGE = YES_ERROR;
				CLANG_WARN_DOCUMENTATION_COMMENTS = YES;
				CLANG_WARN_EMPTY_BODY = YES;
				CLANG_WARN_ENUM_CONVERSION = YES;
				CLANG_WARN_INFINITE_RECURSION = YES;
				CLANG_WARN_INT_CONVERSION = YES;
				CLANG_WARN_NON_LITERAL_NULL_CONVERSION = YES;
				CLANG_WARN_OBJC_IMPLICIT_RETAIN_SELF = YES;
				CLANG_WARN_OBJC_LITERAL_CONVERSION = YES;
				CLANG_WARN_OBJC_ROOT_CLASS = YES_ERROR;
				CLANG_WARN_RANGE_LOOP_ANALYSIS = YES;
				CLANG_WARN_STRICT_PROTOTYPES = YES;
				CLANG_WARN_SUSPICIOUS_MOVE = YES;
				CLANG_WARN_UNGUARDED_AVAILABILITY = YES_AGGRESSIVE;
				CLANG_WARN_UNREACHABLE_CODE = YES;
				CLANG_WARN__DUPLICATE_METHOD_MATCH = YES;
				CODE_SIGN_IDENTITY = "iPhone Developer";
				COPY_PHASE_STRIP = NO;
				DEBUG_INFORMATION_FORMAT = "dwarf-with-dsym";
				ENABLE_NS_ASSERTIONS = NO;
				ENABLE_STRICT_OBJC_MSGSEND = YES;
				GCC_C_LANGUAGE_STANDARD = gnu11;
				GCC_NO_COMMON_BLOCKS = YES;
				GCC_WARN_64_TO_32_BIT_CONVERSION = YES;
				GCC_WARN_ABOUT_RETURN_TYPE = YES_ERROR;
				GCC_WARN_UNDECLARED_SELECTOR = YES;
				GCC_WARN_UNINITIALIZED_AUTOS = YES_AGGRESSIVE;
				GCC_WARN_UNUSED_FUNCTION = YES;
				GCC_WARN_UNUSED_VARIABLE = YES;
				IPHONEOS_DEPLOYMENT_TARGET = 12.1;
				MTL_ENABLE_DEBUG_INFO = NO;
				MTL_FAST_MATH = YES;
				SDKROOT = iphoneos;
				SWIFT_COMPILATION_MODE = wholemodule;
				SWIFT_OPTIMIZATION_LEVEL = "-O";
				VALIDATE_PRODUCT = YES;
			};
			name = Release;
		};
		C9489BB7222EFF53009F0BEC /* Debug */ = {
			isa = XCBuildConfiguration;
			buildSettings = {
				ASSETCATALOG_COMPILER_APPICON_NAME = AppIcon;
				CODE_SIGN_STYLE = Automatic;
				DEVELOPMENT_TEAM = 69A54N22P6;
				INFOPLIST_FILE = "AR Drawing/Info.plist";
				LD_RUNPATH_SEARCH_PATHS = (
					"$(inherited)",
					"@executable_path/Frameworks",
				);
				PRODUCT_BUNDLE_IDENTIFIER = "pl.jahndamian.AR-Drawing";
				PRODUCT_NAME = "$(TARGET_NAME)";
				SWIFT_VERSION = 4.2;
				TARGETED_DEVICE_FAMILY = "1,2";
			};
			name = Debug;
		};
		C9489BB8222EFF53009F0BEC /* Release */ = {
			isa = XCBuildConfiguration;
			buildSettings = {
				ASSETCATALOG_COMPILER_APPICON_NAME = AppIcon;
				CODE_SIGN_STYLE = Automatic;
				DEVELOPMENT_TEAM = 69A54N22P6;
				INFOPLIST_FILE = "AR Drawing/Info.plist";
				LD_RUNPATH_SEARCH_PATHS = (
					"$(inherited)",
					"@executable_path/Frameworks",
				);
				PRODUCT_BUNDLE_IDENTIFIER = "pl.jahndamian.AR-Drawing";
				PRODUCT_NAME = "$(TARGET_NAME)";
				SWIFT_VERSION = 4.2;
				TARGETED_DEVICE_FAMILY = "1,2";
			};
			name = Release;
		};
/* End XCBuildConfiguration section */

/* Begin XCConfigurationList section */
		C9489B9F222EFF4F009F0BEC /* Build configuration list for PBXProject "AR Drawing" */ = {
			isa = XCConfigurationList;
			buildConfigurations = (
				C9489BB4222EFF53009F0BEC /* Debug */,
				C9489BB5222EFF53009F0BEC /* Release */,
			);
			defaultConfigurationIsVisible = 0;
			defaultConfigurationName = Release;
		};
		C9489BB6222EFF53009F0BEC /* Build configuration list for PBXNativeTarget "AR Drawing" */ = {
			isa = XCConfigurationList;
			buildConfigurations = (
				C9489BB7222EFF53009F0BEC /* Debug */,
				C9489BB8222EFF53009F0BEC /* Release */,
			);
			defaultConfigurationIsVisible = 0;
			defaultConfigurationName = Release;
		};
/* End XCConfigurationList section */
	};
	rootObject = C9489B9C222EFF4F009F0BEC /* Project object */;
}
